
Microsoft Visual Studio Solution File, Format Version 12.00
# Visual Studio Version 17
VisualStudioVersion = 17.2.32616.157
MinimumVisualStudioVersion = 10.0.40219.1
Project("{FAE04EC0-301F-11D3-BF4B-00C04F79EFBC}") = "Dominio", "Dominio\Dominio.csproj", "{5F9C008D-7A2E-4028-BF86-382303641CCB}"
EndProject
Project("{FAE04EC0-301F-11D3-BF4B-00C04F79EFBC}") = "Persistencia", "Persistencia\Persistencia.csproj", "{5E5F1E41-95C2-4C89-BBE1-40F9BACDBBB4}"
EndProject
Project("{FAE04EC0-301F-11D3-BF4B-00C04F79EFBC}") = "Aplicacion", "Aplicacion\Aplicacion.csproj", "{65A30C5F-A320-4548-98BE-C7B3C2664B5D}"
EndProject
Project("{FAE04EC0-301F-11D3-BF4B-00C04F79EFBC}") = "WebAPI", "WebAPI\WebAPI.csproj", "{7C9EA332-BF70-4707-94A2-48037CEE41E6}"
EndProject
Global
	GlobalSection(SolutionConfigurationPlatforms) = preSolution
		Debug|Any CPU = Debug|Any CPU
		Release|Any CPU = Release|Any CPU
	EndGlobalSection
	GlobalSection(ProjectConfigurationPlatforms) = postSolution
		{5F9C008D-7A2E-4028-BF86-382303641CCB}.Debug|Any CPU.ActiveCfg = Debug|Any CPU
		{5F9C008D-7A2E-4028-BF86-382303641CCB}.Debug|Any CPU.Build.0 = Debug|Any CPU
		{5F9C008D-7A2E-4028-BF86-382303641CCB}.Release|Any CPU.ActiveCfg = Release|Any CPU
		{5F9C008D-7A2E-4028-BF86-382303641CCB}.Release|Any CPU.Build.0 = Release|Any CPU
		{5E5F1E41-95C2-4C89-BBE1-40F9BACDBBB4}.Debug|Any CPU.ActiveCfg = Debug|Any CPU
		{5E5F1E41-95C2-4C89-BBE1-40F9BACDBBB4}.Debug|Any CPU.Build.0 = Debug|Any CPU
		{5E5F1E41-95C2-4C89-BBE1-40F9BACDBBB4}.Release|Any CPU.ActiveCfg = Release|Any CPU
		{5E5F1E41-95C2-4C89-BBE1-40F9BACDBBB4}.Release|Any CPU.Build.0 = Release|Any CPU
		{65A30C5F-A320-4548-98BE-C7B3C2664B5D}.Debug|Any CPU.ActiveCfg = Debug|Any CPU
		{65A30C5F-A320-4548-98BE-C7B3C2664B5D}.Debug|Any CPU.Build.0 = Debug|Any CPU
		{65A30C5F-A320-4548-98BE-C7B3C2664B5D}.Release|Any CPU.ActiveCfg = Release|Any CPU
		{65A30C5F-A320-4548-98BE-C7B3C2664B5D}.Release|Any CPU.Build.0 = Release|Any CPU
		{7C9EA332-BF70-4707-94A2-48037CEE41E6}.Debug|Any CPU.ActiveCfg = Debug|Any CPU
		{7C9EA332-BF70-4707-94A2-48037CEE41E6}.Debug|Any CPU.Build.0 = Debug|Any CPU
		{7C9EA332-BF70-4707-94A2-48037CEE41E6}.Release|Any CPU.ActiveCfg = Release|Any CPU
		{7C9EA332-BF70-4707-94A2-48037CEE41E6}.Release|Any CPU.Build.0 = Release|Any CPU
	EndGlobalSection
	GlobalSection(SolutionProperties) = preSolution
		HideSolutionNode = FALSE
	EndGlobalSection
	GlobalSection(ExtensibilityGlobals) = postSolution
		SolutionGuid = {7A56C2BC-17D4-4EE2-B766-5DCF63801FCF}
	EndGlobalSection
EndGlobal
